// !$*UTF8*$!
{
	archiveVersion = 1;
	classes = {
	};
	objectVersion = 70;
	objects = {

/* Begin PBXBuildFile section */
		A11F26722C3AA6CC00FD971E /* YaoguaiV3App.swift in Sources */ = {isa = PBXBuildFile; fileRef = A11F26712C3AA6CC00FD971E /* YaoguaiV3App.swift */; };
		A11F26782C3AA6CE00FD971E /* Assets.xcassets in Resources */ = {isa = PBXBuildFile; fileRef = A11F26772C3AA6CE00FD971E /* Assets.xcassets */; };
		A11F267B2C3AA6CE00FD971E /* Preview Assets.xcassets in Resources */ = {isa = PBXBuildFile; fileRef = A11F267A2C3AA6CE00FD971E /* Preview Assets.xcassets */; };
		A11F26822C3AA80000FD971E /* Record.swift in Sources */ = {isa = PBXBuildFile; fileRef = A11F26812C3AA80000FD971E /* Record.swift */; };
		A11F26882C3E90D500FD971E /* Dashboard.swift in Sources */ = {isa = PBXBuildFile; fileRef = A11F26872C3E90D500FD971E /* Dashboard.swift */; };
		A11F268A2C3FFC4700FD971E /* SpecialFocusTextStyle.swift in Sources */ = {isa = PBXBuildFile; fileRef = A11F26892C3FFC4700FD971E /* SpecialFocusTextStyle.swift */; };
		A11F268C2C408B4600FD971E /* CurrentWorkoutManager.swift in Sources */ = {isa = PBXBuildFile; fileRef = A11F268B2C408B4600FD971E /* CurrentWorkoutManager.swift */; };
		A13E11062C90F73A0074BC49 /* Protocols.swift in Sources */ = {isa = PBXBuildFile; fileRef = A13E11052C90F73A0074BC49 /* Protocols.swift */; };
		A13E11082C90F7430074BC49 /* Template.swift in Sources */ = {isa = PBXBuildFile; fileRef = A13E11072C90F7430074BC49 /* Template.swift */; };
		A13E110A2C93A7DD0074BC49 /* Exercise.swift in Sources */ = {isa = PBXBuildFile; fileRef = A13E11092C93A7DD0074BC49 /* Exercise.swift */; };
		A13E110C2C96B74C0074BC49 /* WorkoutTemplateEditorWrapper.swift in Sources */ = {isa = PBXBuildFile; fileRef = A13E110B2C96B74C0074BC49 /* WorkoutTemplateEditorWrapper.swift */; };
		A13E110E2C96BE9E0074BC49 /* WorkoutTemplateList.swift in Sources */ = {isa = PBXBuildFile; fileRef = A13E110D2C96BE9E0074BC49 /* WorkoutTemplateList.swift */; };
		A13E11102C979B7E0074BC49 /* PreviewSetup.swift in Sources */ = {isa = PBXBuildFile; fileRef = A13E110F2C979B7E0074BC49 /* PreviewSetup.swift */; };
		A14A12012C87231600D47B9F /* UITextField.swift in Sources */ = {isa = PBXBuildFile; fileRef = A14A12002C87231600D47B9F /* UITextField.swift */; };
		A15AEC8E2CB53D6C00866739 /* WorkoutTemplateTests.swift in Sources */ = {isa = PBXBuildFile; fileRef = A15AEC8D2CB53D6C00866739 /* WorkoutTemplateTests.swift */; };
		A17A1A372C4D005B0053215E /* WorkoutKeyboard.swift in Sources */ = {isa = PBXBuildFile; fileRef = A17A1A362C4D005B0053215E /* WorkoutKeyboard.swift */; };
		A1802BFC2C6AC49700272B66 /* WorkoutTextField.swift in Sources */ = {isa = PBXBuildFile; fileRef = A1802BFB2C6AC49700272B66 /* WorkoutTextField.swift */; };
		A1802C282C7547C700272B66 /* SetEditor.swift in Sources */ = {isa = PBXBuildFile; fileRef = A1802C272C7547C700272B66 /* SetEditor.swift */; };
		A1802C2A2C7547DF00272B66 /* ExerciseEditor.swift in Sources */ = {isa = PBXBuildFile; fileRef = A1802C292C7547DF00272B66 /* ExerciseEditor.swift */; };
		A1802C2E2C7547FA00272B66 /* WorkoutEditor.swift in Sources */ = {isa = PBXBuildFile; fileRef = A1802C2D2C7547FA00272B66 /* WorkoutEditor.swift */; };
		A1802C312C75485700272B66 /* WorkoutRecordEditorWrapper.swift in Sources */ = {isa = PBXBuildFile; fileRef = A1802C302C75485700272B66 /* WorkoutRecordEditorWrapper.swift */; };
		A1802C3B2C76A1F800272B66 /* CurrentWorkoutManagerTests.swift in Sources */ = {isa = PBXBuildFile; fileRef = A1802C3A2C76A1F800272B66 /* CurrentWorkoutManagerTests.swift */; };
		A1802C462C829DB500272B66 /* Collection.swift in Sources */ = {isa = PBXBuildFile; fileRef = A1802C452C829DB500272B66 /* Collection.swift */; };
		A19739352C4B2D6500356010 /* Array.swift in Sources */ = {isa = PBXBuildFile; fileRef = A19739342C4B2D6500356010 /* Array.swift */; };
		A1AC67952CF9A59200197140 /* ReorderingTests.swift in Sources */ = {isa = PBXBuildFile; fileRef = A1AC67942CF9A59200197140 /* ReorderingTests.swift */; };
		A1B555A62CD8DA9E00D48B9E /* ReorderableForEach.swift in Sources */ = {isa = PBXBuildFile; fileRef = A1B555A52CD8DA9E00D48B9E /* ReorderableForEach.swift */; };
		A1B728842CF46E290022EA42 /* SupersetGroup.swift in Sources */ = {isa = PBXBuildFile; fileRef = A1B728832CF46E290022EA42 /* SupersetGroup.swift */; };
		A1C5E74C2CA0235300C9B902 /* UnitMassTextField.swift in Sources */ = {isa = PBXBuildFile; fileRef = A1C5E74B2CA0235300C9B902 /* UnitMassTextField.swift */; };
		A1C5E74F2CA0288900C9B902 /* UnitLengthTextField.swift in Sources */ = {isa = PBXBuildFile; fileRef = A1C5E74E2CA0288900C9B902 /* UnitLengthTextField.swift */; };
		A1C5E7512CA0289C00C9B902 /* TimeIntervalPicker.swift in Sources */ = {isa = PBXBuildFile; fileRef = A1C5E7502CA0289C00C9B902 /* TimeIntervalPicker.swift */; };
		A1C5E7552CA7A01800C9B902 /* ExerciseDetailsList.swift in Sources */ = {isa = PBXBuildFile; fileRef = A1C5E7542CA7A01800C9B902 /* ExerciseDetailsList.swift */; };
		A1C5E7572CA7A19100C9B902 /* ExerciseDetailsEditor.swift in Sources */ = {isa = PBXBuildFile; fileRef = A1C5E7562CA7A19100C9B902 /* ExerciseDetailsEditor.swift */; };
		A1C5E76B2CAF4AE600C9B902 /* WorkoutRecordList.swift in Sources */ = {isa = PBXBuildFile; fileRef = A1C5E76A2CAF4AE600C9B902 /* WorkoutRecordList.swift */; };
		A1C5E7782CB39C4F00C9B902 /* Alert.swift in Sources */ = {isa = PBXBuildFile; fileRef = A1C5E7772CB39C4F00C9B902 /* Alert.swift */; };
		A1C5E77C2CB39CA500C9B902 /* AlertList.swift in Sources */ = {isa = PBXBuildFile; fileRef = A1C5E77B2CB39CA500C9B902 /* AlertList.swift */; };
		A1C7B1F12D02D6910090DA91 /* WorkoutCommonTests.swift in Sources */ = {isa = PBXBuildFile; fileRef = A1C7B1F02D02D6910090DA91 /* WorkoutCommonTests.swift */; };
		A1DA951C2D25EC1C00081F94 /* FocusManager.swift in Sources */ = {isa = PBXBuildFile; fileRef = A1DA951B2D25EC1C00081F94 /* FocusManager.swift */; };
/* End PBXBuildFile section */

/* Begin PBXContainerItemProxy section */
		A1802C3C2C76A1F800272B66 /* PBXContainerItemProxy */ = {
			isa = PBXContainerItemProxy;
			containerPortal = A11F26662C3AA6CC00FD971E /* Project object */;
			proxyType = 1;
			remoteGlobalIDString = A11F266D2C3AA6CC00FD971E;
			remoteInfo = YaoguaiV3;
		};
/* End PBXContainerItemProxy section */

/* Begin PBXFileReference section */
		A11F266E2C3AA6CC00FD971E /* YaoguaiV3.app */ = {isa = PBXFileReference; explicitFileType = wrapper.application; includeInIndex = 0; path = YaoguaiV3.app; sourceTree = BUILT_PRODUCTS_DIR; };
		A11F26712C3AA6CC00FD971E /* YaoguaiV3App.swift */ = {isa = PBXFileReference; lastKnownFileType = sourcecode.swift; path = YaoguaiV3App.swift; sourceTree = "<group>"; };
		A11F26772C3AA6CE00FD971E /* Assets.xcassets */ = {isa = PBXFileReference; lastKnownFileType = folder.assetcatalog; path = Assets.xcassets; sourceTree = "<group>"; };
		A11F267A2C3AA6CE00FD971E /* Preview Assets.xcassets */ = {isa = PBXFileReference; lastKnownFileType = folder.assetcatalog; path = "Preview Assets.xcassets"; sourceTree = "<group>"; };
		A11F26812C3AA80000FD971E /* Record.swift */ = {isa = PBXFileReference; lastKnownFileType = sourcecode.swift; path = Record.swift; sourceTree = "<group>"; };
		A11F26872C3E90D500FD971E /* Dashboard.swift */ = {isa = PBXFileReference; lastKnownFileType = sourcecode.swift; path = Dashboard.swift; sourceTree = "<group>"; };
		A11F26892C3FFC4700FD971E /* SpecialFocusTextStyle.swift */ = {isa = PBXFileReference; lastKnownFileType = sourcecode.swift; path = SpecialFocusTextStyle.swift; sourceTree = "<group>"; };
		A11F268B2C408B4600FD971E /* CurrentWorkoutManager.swift */ = {isa = PBXFileReference; lastKnownFileType = sourcecode.swift; path = CurrentWorkoutManager.swift; sourceTree = "<group>"; };
		A13E11052C90F73A0074BC49 /* Protocols.swift */ = {isa = PBXFileReference; lastKnownFileType = sourcecode.swift; path = Protocols.swift; sourceTree = "<group>"; };
		A13E11072C90F7430074BC49 /* Template.swift */ = {isa = PBXFileReference; lastKnownFileType = sourcecode.swift; path = Template.swift; sourceTree = "<group>"; };
		A13E11092C93A7DD0074BC49 /* Exercise.swift */ = {isa = PBXFileReference; lastKnownFileType = sourcecode.swift; path = Exercise.swift; sourceTree = "<group>"; };
		A13E110B2C96B74C0074BC49 /* WorkoutTemplateEditorWrapper.swift */ = {isa = PBXFileReference; fileEncoding = 4; lastKnownFileType = sourcecode.swift; path = WorkoutTemplateEditorWrapper.swift; sourceTree = "<group>"; };
		A13E110D2C96BE9E0074BC49 /* WorkoutTemplateList.swift */ = {isa = PBXFileReference; lastKnownFileType = sourcecode.swift; path = WorkoutTemplateList.swift; sourceTree = "<group>"; };
		A13E110F2C979B7E0074BC49 /* PreviewSetup.swift */ = {isa = PBXFileReference; lastKnownFileType = sourcecode.swift; path = PreviewSetup.swift; sourceTree = "<group>"; };
		A14A12002C87231600D47B9F /* UITextField.swift */ = {isa = PBXFileReference; lastKnownFileType = sourcecode.swift; path = UITextField.swift; sourceTree = "<group>"; };
		A15AEC8D2CB53D6C00866739 /* WorkoutTemplateTests.swift */ = {isa = PBXFileReference; lastKnownFileType = sourcecode.swift; path = WorkoutTemplateTests.swift; sourceTree = "<group>"; };
		A17A1A362C4D005B0053215E /* WorkoutKeyboard.swift */ = {isa = PBXFileReference; lastKnownFileType = sourcecode.swift; path = WorkoutKeyboard.swift; sourceTree = "<group>"; };
		A1802BFB2C6AC49700272B66 /* WorkoutTextField.swift */ = {isa = PBXFileReference; lastKnownFileType = sourcecode.swift; path = WorkoutTextField.swift; sourceTree = "<group>"; };
		A1802C272C7547C700272B66 /* SetEditor.swift */ = {isa = PBXFileReference; lastKnownFileType = sourcecode.swift; path = SetEditor.swift; sourceTree = "<group>"; };
		A1802C292C7547DF00272B66 /* ExerciseEditor.swift */ = {isa = PBXFileReference; lastKnownFileType = sourcecode.swift; path = ExerciseEditor.swift; sourceTree = "<group>"; };
		A1802C2D2C7547FA00272B66 /* WorkoutEditor.swift */ = {isa = PBXFileReference; lastKnownFileType = sourcecode.swift; path = WorkoutEditor.swift; sourceTree = "<group>"; };
		A1802C302C75485700272B66 /* WorkoutRecordEditorWrapper.swift */ = {isa = PBXFileReference; lastKnownFileType = sourcecode.swift; path = WorkoutRecordEditorWrapper.swift; sourceTree = "<group>"; };
		A1802C382C76A1F800272B66 /* YaoguaiV3Tests.xctest */ = {isa = PBXFileReference; explicitFileType = wrapper.cfbundle; includeInIndex = 0; path = YaoguaiV3Tests.xctest; sourceTree = BUILT_PRODUCTS_DIR; };
		A1802C3A2C76A1F800272B66 /* CurrentWorkoutManagerTests.swift */ = {isa = PBXFileReference; lastKnownFileType = sourcecode.swift; path = CurrentWorkoutManagerTests.swift; sourceTree = "<group>"; };
		A1802C452C829DB500272B66 /* Collection.swift */ = {isa = PBXFileReference; lastKnownFileType = sourcecode.swift; path = Collection.swift; sourceTree = "<group>"; };
		A19739342C4B2D6500356010 /* Array.swift */ = {isa = PBXFileReference; lastKnownFileType = sourcecode.swift; path = Array.swift; sourceTree = "<group>"; };
		A1AC67942CF9A59200197140 /* ReorderingTests.swift */ = {isa = PBXFileReference; lastKnownFileType = sourcecode.swift; path = ReorderingTests.swift; sourceTree = "<group>"; };
		A1B555A52CD8DA9E00D48B9E /* ReorderableForEach.swift */ = {isa = PBXFileReference; lastKnownFileType = sourcecode.swift; path = ReorderableForEach.swift; sourceTree = "<group>"; };
		A1B728832CF46E290022EA42 /* SupersetGroup.swift */ = {isa = PBXFileReference; lastKnownFileType = sourcecode.swift; path = SupersetGroup.swift; sourceTree = "<group>"; };
		A1C5E74B2CA0235300C9B902 /* UnitMassTextField.swift */ = {isa = PBXFileReference; lastKnownFileType = sourcecode.swift; path = UnitMassTextField.swift; sourceTree = "<group>"; };
		A1C5E74E2CA0288900C9B902 /* UnitLengthTextField.swift */ = {isa = PBXFileReference; lastKnownFileType = sourcecode.swift; path = UnitLengthTextField.swift; sourceTree = "<group>"; };
		A1C5E7502CA0289C00C9B902 /* TimeIntervalPicker.swift */ = {isa = PBXFileReference; lastKnownFileType = sourcecode.swift; path = TimeIntervalPicker.swift; sourceTree = "<group>"; };
		A1C5E7542CA7A01800C9B902 /* ExerciseDetailsList.swift */ = {isa = PBXFileReference; lastKnownFileType = sourcecode.swift; path = ExerciseDetailsList.swift; sourceTree = "<group>"; };
		A1C5E7562CA7A19100C9B902 /* ExerciseDetailsEditor.swift */ = {isa = PBXFileReference; lastKnownFileType = sourcecode.swift; path = ExerciseDetailsEditor.swift; sourceTree = "<group>"; };
		A1C5E76A2CAF4AE600C9B902 /* WorkoutRecordList.swift */ = {isa = PBXFileReference; lastKnownFileType = sourcecode.swift; path = WorkoutRecordList.swift; sourceTree = "<group>"; };
		A1C5E7772CB39C4F00C9B902 /* Alert.swift */ = {isa = PBXFileReference; lastKnownFileType = sourcecode.swift; path = Alert.swift; sourceTree = "<group>"; };
		A1C5E77B2CB39CA500C9B902 /* AlertList.swift */ = {isa = PBXFileReference; lastKnownFileType = sourcecode.swift; path = AlertList.swift; sourceTree = "<group>"; };
		A1C7B1F02D02D6910090DA91 /* WorkoutCommonTests.swift */ = {isa = PBXFileReference; lastKnownFileType = sourcecode.swift; path = WorkoutCommonTests.swift; sourceTree = "<group>"; };
		A1DA951B2D25EC1C00081F94 /* FocusManager.swift */ = {isa = PBXFileReference; lastKnownFileType = sourcecode.swift; path = FocusManager.swift; sourceTree = "<group>"; };
/* End PBXFileReference section */

/* Begin PBXFileSystemSynchronizedRootGroup section */
		A166A28A2D1B88B200107D8C /* UIKeyInputWrapped */ = {isa = PBXFileSystemSynchronizedRootGroup; explicitFileTypes = {}; explicitFolders = (); path = UIKeyInputWrapped; sourceTree = "<group>"; };
		A166A2962D1B88BC00107D8C /* UIKeyInputWrappedTests */ = {isa = PBXFileSystemSynchronizedRootGroup; explicitFileTypes = {}; explicitFolders = (); path = UIKeyInputWrappedTests; sourceTree = "<group>"; };
/* End PBXFileSystemSynchronizedRootGroup section */

/* Begin PBXFrameworksBuildPhase section */
		A11F266B2C3AA6CC00FD971E /* Frameworks */ = {
			isa = PBXFrameworksBuildPhase;
			buildActionMask = 2147483647;
			files = (
			);
			runOnlyForDeploymentPostprocessing = 0;
		};
		A1802C352C76A1F800272B66 /* Frameworks */ = {
			isa = PBXFrameworksBuildPhase;
			buildActionMask = 2147483647;
			files = (
			);
			runOnlyForDeploymentPostprocessing = 0;
		};
/* End PBXFrameworksBuildPhase section */

/* Begin PBXGroup section */
		A11F26652C3AA6CC00FD971E = {
			isa = PBXGroup;
			children = (
				A11F26702C3AA6CC00FD971E /* YaoguaiV3 */,
				A1802C392C76A1F800272B66 /* YaoguaiV3Tests */,
				A11F266F2C3AA6CC00FD971E /* Products */,
			);
			sourceTree = "<group>";
		};
		A11F266F2C3AA6CC00FD971E /* Products */ = {
			isa = PBXGroup;
			children = (
				A11F266E2C3AA6CC00FD971E /* YaoguaiV3.app */,
				A1802C382C76A1F800272B66 /* YaoguaiV3Tests.xctest */,
			);
			name = Products;
			sourceTree = "<group>";
		};
		A11F26702C3AA6CC00FD971E /* YaoguaiV3 */ = {
			isa = PBXGroup;
			children = (
				A11F26772C3AA6CE00FD971E /* Assets.xcassets */,
				A11F26712C3AA6CC00FD971E /* YaoguaiV3App.swift */,
				A1802C252C75479200272B66 /* Views */,
				A1802C222C7400C200272B66 /* Extensions */,
				A1802C232C7400F300272B66 /* Utility */,
				A1802C242C74010100272B66 /* Models */,
				A11F26792C3AA6CE00FD971E /* Preview Content */,
			);
			path = YaoguaiV3;
			sourceTree = "<group>";
		};
		A11F26792C3AA6CE00FD971E /* Preview Content */ = {
			isa = PBXGroup;
			children = (
				A11F267A2C3AA6CE00FD971E /* Preview Assets.xcassets */,
			);
			path = "Preview Content";
			sourceTree = "<group>";
		};
		A1802C222C7400C200272B66 /* Extensions */ = {
			isa = PBXGroup;
			children = (
				A19739342C4B2D6500356010 /* Array.swift */,
				A14A12002C87231600D47B9F /* UITextField.swift */,
				A1802C452C829DB500272B66 /* Collection.swift */,
				A11F26892C3FFC4700FD971E /* SpecialFocusTextStyle.swift */,
			);
			path = Extensions;
			sourceTree = "<group>";
		};
		A1802C232C7400F300272B66 /* Utility */ = {
			isa = PBXGroup;
			children = (
				A11F268B2C408B4600FD971E /* CurrentWorkoutManager.swift */,
				A1DA951B2D25EC1C00081F94 /* FocusManager.swift */,
				A13E110F2C979B7E0074BC49 /* PreviewSetup.swift */,
				A1B555A52CD8DA9E00D48B9E /* ReorderableForEach.swift */,
			);
			path = Utility;
			sourceTree = "<group>";
		};
		A1802C242C74010100272B66 /* Models */ = {
			isa = PBXGroup;
			children = (
				A11F26812C3AA80000FD971E /* Record.swift */,
				A13E11092C93A7DD0074BC49 /* Exercise.swift */,
				A13E11052C90F73A0074BC49 /* Protocols.swift */,
				A13E11072C90F7430074BC49 /* Template.swift */,
				A1C5E7772CB39C4F00C9B902 /* Alert.swift */,
				A1B728832CF46E290022EA42 /* SupersetGroup.swift */,
			);
			path = Models;
			sourceTree = "<group>";
		};
		A1802C252C75479200272B66 /* Views */ = {
			isa = PBXGroup;
			children = (
				A166A28A2D1B88B200107D8C /* UIKeyInputWrapped */,
				A1C5E77D2CB3A0C800C9B902 /* Alert */,
				A1802C262C7547A000272B66 /* WorkoutEditor */,
				A1C5E7582CA7A1B100C9B902 /* ExerciseDetail */,
				A19739382C4B997100356010 /* WorkoutTextField */,
				A1C5E7692CAF4AC800C9B902 /* Dashboard */,
			);
			path = Views;
			sourceTree = "<group>";
		};
		A1802C262C7547A000272B66 /* WorkoutEditor */ = {
			isa = PBXGroup;
			children = (
				A1802C302C75485700272B66 /* WorkoutRecordEditorWrapper.swift */,
				A13E110B2C96B74C0074BC49 /* WorkoutTemplateEditorWrapper.swift */,
				A1802C2D2C7547FA00272B66 /* WorkoutEditor.swift */,
				A1802C292C7547DF00272B66 /* ExerciseEditor.swift */,
				A1802C272C7547C700272B66 /* SetEditor.swift */,
				A1C5E74D2CA0235E00C9B902 /* SetTextFields */,
			);
			path = WorkoutEditor;
			sourceTree = "<group>";
		};
		A1802C392C76A1F800272B66 /* YaoguaiV3Tests */ = {
			isa = PBXGroup;
			children = (
				A166A2962D1B88BC00107D8C /* UIKeyInputWrappedTests */,
				A1802C3A2C76A1F800272B66 /* CurrentWorkoutManagerTests.swift */,
				A15AEC8D2CB53D6C00866739 /* WorkoutTemplateTests.swift */,
				A1AC67942CF9A59200197140 /* ReorderingTests.swift */,
				A1C7B1F02D02D6910090DA91 /* WorkoutCommonTests.swift */,
			);
			path = YaoguaiV3Tests;
			sourceTree = "<group>";
		};
		A19739382C4B997100356010 /* WorkoutTextField */ = {
			isa = PBXGroup;
			children = (
				A1802BFB2C6AC49700272B66 /* WorkoutTextField.swift */,
				A17A1A362C4D005B0053215E /* WorkoutKeyboard.swift */,
			);
			path = WorkoutTextField;
			sourceTree = "<group>";
		};
		A1C5E74D2CA0235E00C9B902 /* SetTextFields */ = {
			isa = PBXGroup;
			children = (
				A1C5E74B2CA0235300C9B902 /* UnitMassTextField.swift */,
				A1C5E74E2CA0288900C9B902 /* UnitLengthTextField.swift */,
				A1C5E7502CA0289C00C9B902 /* TimeIntervalPicker.swift */,
			);
			path = SetTextFields;
			sourceTree = "<group>";
		};
		A1C5E7582CA7A1B100C9B902 /* ExerciseDetail */ = {
			isa = PBXGroup;
			children = (
				A1C5E7542CA7A01800C9B902 /* ExerciseDetailsList.swift */,
				A1C5E7562CA7A19100C9B902 /* ExerciseDetailsEditor.swift */,
			);
			path = ExerciseDetail;
			sourceTree = "<group>";
		};
		A1C5E7692CAF4AC800C9B902 /* Dashboard */ = {
			isa = PBXGroup;
			children = (
				A11F26872C3E90D500FD971E /* Dashboard.swift */,
				A13E110D2C96BE9E0074BC49 /* WorkoutTemplateList.swift */,
				A1C5E76A2CAF4AE600C9B902 /* WorkoutRecordList.swift */,
			);
			path = Dashboard;
			sourceTree = "<group>";
		};
		A1C5E77D2CB3A0C800C9B902 /* Alert */ = {
			isa = PBXGroup;
			children = (
				A1C5E77B2CB39CA500C9B902 /* AlertList.swift */,
			);
			path = Alert;
			sourceTree = "<group>";
		};
/* End PBXGroup section */

/* Begin PBXNativeTarget section */
		A11F266D2C3AA6CC00FD971E /* YaoguaiV3 */ = {
			isa = PBXNativeTarget;
			buildConfigurationList = A11F267E2C3AA6CE00FD971E /* Build configuration list for PBXNativeTarget "YaoguaiV3" */;
			buildPhases = (
				A11F266A2C3AA6CC00FD971E /* Sources */,
				A11F266B2C3AA6CC00FD971E /* Frameworks */,
				A11F266C2C3AA6CC00FD971E /* Resources */,
			);
			buildRules = (
			);
			dependencies = (
			);
			fileSystemSynchronizedGroups = (
				A166A28A2D1B88B200107D8C /* UIKeyInputWrapped */,
			);
			name = YaoguaiV3;
			productName = YaoguaiV3;
			productReference = A11F266E2C3AA6CC00FD971E /* YaoguaiV3.app */;
			productType = "com.apple.product-type.application";
		};
		A1802C372C76A1F800272B66 /* YaoguaiV3Tests */ = {
			isa = PBXNativeTarget;
			buildConfigurationList = A1802C3E2C76A1F800272B66 /* Build configuration list for PBXNativeTarget "YaoguaiV3Tests" */;
			buildPhases = (
				A1802C342C76A1F800272B66 /* Sources */,
				A1802C352C76A1F800272B66 /* Frameworks */,
				A1802C362C76A1F800272B66 /* Resources */,
			);
			buildRules = (
			);
			dependencies = (
				A1802C3D2C76A1F800272B66 /* PBXTargetDependency */,
			);
			fileSystemSynchronizedGroups = (
				A166A2962D1B88BC00107D8C /* UIKeyInputWrappedTests */,
			);
			name = YaoguaiV3Tests;
			productName = YaoguaiV3Tests;
			productReference = A1802C382C76A1F800272B66 /* YaoguaiV3Tests.xctest */;
			productType = "com.apple.product-type.bundle.unit-test";
		};
/* End PBXNativeTarget section */

/* Begin PBXProject section */
		A11F26662C3AA6CC00FD971E /* Project object */ = {
			isa = PBXProject;
			attributes = {
				BuildIndependentTargetsInParallel = 1;
				LastSwiftUpdateCheck = 1540;
				LastUpgradeCheck = 1500;
				TargetAttributes = {
					A11F266D2C3AA6CC00FD971E = {
						CreatedOnToolsVersion = 15.0.1;
					};
					A1802C372C76A1F800272B66 = {
						CreatedOnToolsVersion = 15.4;
						TestTargetID = A11F266D2C3AA6CC00FD971E;
					};
				};
			};
			buildConfigurationList = A11F26692C3AA6CC00FD971E /* Build configuration list for PBXProject "YaoguaiV3" */;
			compatibilityVersion = "Xcode 14.0";
			developmentRegion = en;
			hasScannedForEncodings = 0;
			knownRegions = (
				en,
				Base,
			);
			mainGroup = A11F26652C3AA6CC00FD971E;
			productRefGroup = A11F266F2C3AA6CC00FD971E /* Products */;
			projectDirPath = "";
			projectRoot = "";
			targets = (
				A11F266D2C3AA6CC00FD971E /* YaoguaiV3 */,
				A1802C372C76A1F800272B66 /* YaoguaiV3Tests */,
			);
		};
/* End PBXProject section */

/* Begin PBXResourcesBuildPhase section */
		A11F266C2C3AA6CC00FD971E /* Resources */ = {
			isa = PBXResourcesBuildPhase;
			buildActionMask = 2147483647;
			files = (
				A11F267B2C3AA6CE00FD971E /* Preview Assets.xcassets in Resources */,
				A11F26782C3AA6CE00FD971E /* Assets.xcassets in Resources */,
			);
			runOnlyForDeploymentPostprocessing = 0;
		};
		A1802C362C76A1F800272B66 /* Resources */ = {
			isa = PBXResourcesBuildPhase;
			buildActionMask = 2147483647;
			files = (
			);
			runOnlyForDeploymentPostprocessing = 0;
		};
/* End PBXResourcesBuildPhase section */

/* Begin PBXSourcesBuildPhase section */
		A11F266A2C3AA6CC00FD971E /* Sources */ = {
			isa = PBXSourcesBuildPhase;
			buildActionMask = 2147483647;
			files = (
				A13E11062C90F73A0074BC49 /* Protocols.swift in Sources */,
				A17A1A372C4D005B0053215E /* WorkoutKeyboard.swift in Sources */,
				A19739352C4B2D6500356010 /* Array.swift in Sources */,
				A1B555A62CD8DA9E00D48B9E /* ReorderableForEach.swift in Sources */,
				A13E110A2C93A7DD0074BC49 /* Exercise.swift in Sources */,
				A1C5E74C2CA0235300C9B902 /* UnitMassTextField.swift in Sources */,
				A13E110E2C96BE9E0074BC49 /* WorkoutTemplateList.swift in Sources */,
				A1C5E7782CB39C4F00C9B902 /* Alert.swift in Sources */,
				A1802C2E2C7547FA00272B66 /* WorkoutEditor.swift in Sources */,
				A11F26822C3AA80000FD971E /* Record.swift in Sources */,
				A1C5E76B2CAF4AE600C9B902 /* WorkoutRecordList.swift in Sources */,
				A13E11082C90F7430074BC49 /* Template.swift in Sources */,
				A1C5E7512CA0289C00C9B902 /* TimeIntervalPicker.swift in Sources */,
				A11F26882C3E90D500FD971E /* Dashboard.swift in Sources */,
				A1B728842CF46E290022EA42 /* SupersetGroup.swift in Sources */,
				A1802C282C7547C700272B66 /* SetEditor.swift in Sources */,
				A1DA951C2D25EC1C00081F94 /* FocusManager.swift in Sources */,
				A1C5E7572CA7A19100C9B902 /* ExerciseDetailsEditor.swift in Sources */,
				A1802C462C829DB500272B66 /* Collection.swift in Sources */,
				A1802C2A2C7547DF00272B66 /* ExerciseEditor.swift in Sources */,
				A11F268C2C408B4600FD971E /* CurrentWorkoutManager.swift in Sources */,
				A1802C312C75485700272B66 /* WorkoutRecordEditorWrapper.swift in Sources */,
				A1C5E7552CA7A01800C9B902 /* ExerciseDetailsList.swift in Sources */,
				A14A12012C87231600D47B9F /* UITextField.swift in Sources */,
				A1C5E77C2CB39CA500C9B902 /* AlertList.swift in Sources */,
				A1C5E74F2CA0288900C9B902 /* UnitLengthTextField.swift in Sources */,
				A11F268A2C3FFC4700FD971E /* SpecialFocusTextStyle.swift in Sources */,
				A13E11102C979B7E0074BC49 /* PreviewSetup.swift in Sources */,
				A11F26722C3AA6CC00FD971E /* YaoguaiV3App.swift in Sources */,
				A13E110C2C96B74C0074BC49 /* WorkoutTemplateEditorWrapper.swift in Sources */,
				A1802BFC2C6AC49700272B66 /* WorkoutTextField.swift in Sources */,
			);
			runOnlyForDeploymentPostprocessing = 0;
		};
		A1802C342C76A1F800272B66 /* Sources */ = {
			isa = PBXSourcesBuildPhase;
			buildActionMask = 2147483647;
			files = (
				A1C7B1F12D02D6910090DA91 /* WorkoutCommonTests.swift in Sources */,
				A1802C3B2C76A1F800272B66 /* CurrentWorkoutManagerTests.swift in Sources */,
				A1AC67952CF9A59200197140 /* ReorderingTests.swift in Sources */,
				A15AEC8E2CB53D6C00866739 /* WorkoutTemplateTests.swift in Sources */,
			);
			runOnlyForDeploymentPostprocessing = 0;
		};
/* End PBXSourcesBuildPhase section */

/* Begin PBXTargetDependency section */
		A1802C3D2C76A1F800272B66 /* PBXTargetDependency */ = {
			isa = PBXTargetDependency;
			target = A11F266D2C3AA6CC00FD971E /* YaoguaiV3 */;
			targetProxy = A1802C3C2C76A1F800272B66 /* PBXContainerItemProxy */;
		};
/* End PBXTargetDependency section */

/* Begin XCBuildConfiguration section */
		A11F267C2C3AA6CE00FD971E /* Debug */ = {
			isa = XCBuildConfiguration;
			buildSettings = {
				ALWAYS_SEARCH_USER_PATHS = NO;
				ASSETCATALOG_COMPILER_GENERATE_SWIFT_ASSET_SYMBOL_EXTENSIONS = YES;
				CLANG_ANALYZER_NONNULL = YES;
				CLANG_ANALYZER_NUMBER_OBJECT_CONVERSION = YES_AGGRESSIVE;
				CLANG_CXX_LANGUAGE_STANDARD = "gnu++20";
				CLANG_ENABLE_MODULES = YES;
				CLANG_ENABLE_OBJC_ARC = YES;
				CLANG_ENABLE_OBJC_WEAK = YES;
				CLANG_WARN_BLOCK_CAPTURE_AUTORELEASING = YES;
				CLANG_WARN_BOOL_CONVERSION = YES;
				CLANG_WARN_COMMA = YES;
				CLANG_WARN_CONSTANT_CONVERSION = YES;
				CLANG_WARN_DEPRECATED_OBJC_IMPLEMENTATIONS = YES;
				CLANG_WARN_DIRECT_OBJC_ISA_USAGE = YES_ERROR;
				CLANG_WARN_DOCUMENTATION_COMMENTS = YES;
				CLANG_WARN_EMPTY_BODY = YES;
				CLANG_WARN_ENUM_CONVERSION = YES;
				CLANG_WARN_INFINITE_RECURSION = YES;
				CLANG_WARN_INT_CONVERSION = YES;
				CLANG_WARN_NON_LITERAL_NULL_CONVERSION = YES;
				CLANG_WARN_OBJC_IMPLICIT_RETAIN_SELF = YES;
				CLANG_WARN_OBJC_LITERAL_CONVERSION = YES;
				CLANG_WARN_OBJC_ROOT_CLASS = YES_ERROR;
				CLANG_WARN_QUOTED_INCLUDE_IN_FRAMEWORK_HEADER = YES;
				CLANG_WARN_RANGE_LOOP_ANALYSIS = YES;
				CLANG_WARN_STRICT_PROTOTYPES = YES;
				CLANG_WARN_SUSPICIOUS_MOVE = YES;
				CLANG_WARN_UNGUARDED_AVAILABILITY = YES_AGGRESSIVE;
				CLANG_WARN_UNREACHABLE_CODE = YES;
				CLANG_WARN__DUPLICATE_METHOD_MATCH = YES;
				COPY_PHASE_STRIP = NO;
				DEBUG_INFORMATION_FORMAT = dwarf;
				ENABLE_STRICT_OBJC_MSGSEND = YES;
				ENABLE_TESTABILITY = YES;
				ENABLE_USER_SCRIPT_SANDBOXING = YES;
				GCC_C_LANGUAGE_STANDARD = gnu17;
				GCC_DYNAMIC_NO_PIC = NO;
				GCC_NO_COMMON_BLOCKS = YES;
				GCC_OPTIMIZATION_LEVEL = 0;
				GCC_PREPROCESSOR_DEFINITIONS = (
					"DEBUG=1",
					"$(inherited)",
				);
				GCC_WARN_64_TO_32_BIT_CONVERSION = YES;
				GCC_WARN_ABOUT_RETURN_TYPE = YES_ERROR;
				GCC_WARN_UNDECLARED_SELECTOR = YES;
				GCC_WARN_UNINITIALIZED_AUTOS = YES_AGGRESSIVE;
				GCC_WARN_UNUSED_FUNCTION = YES;
				GCC_WARN_UNUSED_VARIABLE = YES;
				IPHONEOS_DEPLOYMENT_TARGET = 17.0;
				LOCALIZATION_PREFERS_STRING_CATALOGS = YES;
				MTL_ENABLE_DEBUG_INFO = INCLUDE_SOURCE;
				MTL_FAST_MATH = YES;
				ONLY_ACTIVE_ARCH = YES;
				SDKROOT = iphoneos;
				SWIFT_ACTIVE_COMPILATION_CONDITIONS = "DEBUG $(inherited)";
				SWIFT_OPTIMIZATION_LEVEL = "-Onone";
				SWIFT_VERSION = 6.0;
			};
			name = Debug;
		};
		A11F267D2C3AA6CE00FD971E /* Release */ = {
			isa = XCBuildConfiguration;
			buildSettings = {
				ALWAYS_SEARCH_USER_PATHS = NO;
				ASSETCATALOG_COMPILER_GENERATE_SWIFT_ASSET_SYMBOL_EXTENSIONS = YES;
				CLANG_ANALYZER_NONNULL = YES;
				CLANG_ANALYZER_NUMBER_OBJECT_CONVERSION = YES_AGGRESSIVE;
				CLANG_CXX_LANGUAGE_STANDARD = "gnu++20";
				CLANG_ENABLE_MODULES = YES;
				CLANG_ENABLE_OBJC_ARC = YES;
				CLANG_ENABLE_OBJC_WEAK = YES;
				CLANG_WARN_BLOCK_CAPTURE_AUTORELEASING = YES;
				CLANG_WARN_BOOL_CONVERSION = YES;
				CLANG_WARN_COMMA = YES;
				CLANG_WARN_CONSTANT_CONVERSION = YES;
				CLANG_WARN_DEPRECATED_OBJC_IMPLEMENTATIONS = YES;
				CLANG_WARN_DIRECT_OBJC_ISA_USAGE = YES_ERROR;
				CLANG_WARN_DOCUMENTATION_COMMENTS = YES;
				CLANG_WARN_EMPTY_BODY = YES;
				CLANG_WARN_ENUM_CONVERSION = YES;
				CLANG_WARN_INFINITE_RECURSION = YES;
				CLANG_WARN_INT_CONVERSION = YES;
				CLANG_WARN_NON_LITERAL_NULL_CONVERSION = YES;
				CLANG_WARN_OBJC_IMPLICIT_RETAIN_SELF = YES;
				CLANG_WARN_OBJC_LITERAL_CONVERSION = YES;
				CLANG_WARN_OBJC_ROOT_CLASS = YES_ERROR;
				CLANG_WARN_QUOTED_INCLUDE_IN_FRAMEWORK_HEADER = YES;
				CLANG_WARN_RANGE_LOOP_ANALYSIS = YES;
				CLANG_WARN_STRICT_PROTOTYPES = YES;
				CLANG_WARN_SUSPICIOUS_MOVE = YES;
				CLANG_WARN_UNGUARDED_AVAILABILITY = YES_AGGRESSIVE;
				CLANG_WARN_UNREACHABLE_CODE = YES;
				CLANG_WARN__DUPLICATE_METHOD_MATCH = YES;
				COPY_PHASE_STRIP = NO;
				DEBUG_INFORMATION_FORMAT = "dwarf-with-dsym";
				ENABLE_NS_ASSERTIONS = NO;
				ENABLE_STRICT_OBJC_MSGSEND = YES;
				ENABLE_USER_SCRIPT_SANDBOXING = YES;
				GCC_C_LANGUAGE_STANDARD = gnu17;
				GCC_NO_COMMON_BLOCKS = YES;
				GCC_WARN_64_TO_32_BIT_CONVERSION = YES;
				GCC_WARN_ABOUT_RETURN_TYPE = YES_ERROR;
				GCC_WARN_UNDECLARED_SELECTOR = YES;
				GCC_WARN_UNINITIALIZED_AUTOS = YES_AGGRESSIVE;
				GCC_WARN_UNUSED_FUNCTION = YES;
				GCC_WARN_UNUSED_VARIABLE = YES;
				IPHONEOS_DEPLOYMENT_TARGET = 17.0;
				LOCALIZATION_PREFERS_STRING_CATALOGS = YES;
				MTL_ENABLE_DEBUG_INFO = NO;
				MTL_FAST_MATH = YES;
				SDKROOT = iphoneos;
				SWIFT_COMPILATION_MODE = wholemodule;
				SWIFT_VERSION = 6.0;
				VALIDATE_PRODUCT = YES;
			};
			name = Release;
		};
		A11F267F2C3AA6CE00FD971E /* Debug */ = {
			isa = XCBuildConfiguration;
			buildSettings = {
				ASSETCATALOG_COMPILER_APPICON_NAME = AppIcon;
				ASSETCATALOG_COMPILER_GLOBAL_ACCENT_COLOR_NAME = AccentColor;
				CODE_SIGN_STYLE = Automatic;
				CURRENT_PROJECT_VERSION = 1;
				DEVELOPMENT_ASSET_PATHS = "\"YaoguaiV3/Preview Content\"";
				DEVELOPMENT_TEAM = 9BLARS6DPW;
				ENABLE_PREVIEWS = YES;
				GENERATE_INFOPLIST_FILE = YES;
				INFOPLIST_KEY_UIApplicationSceneManifest_Generation = YES;
				INFOPLIST_KEY_UIApplicationSupportsIndirectInputEvents = YES;
				INFOPLIST_KEY_UILaunchScreen_Generation = YES;
				INFOPLIST_KEY_UISupportedInterfaceOrientations_iPad = "UIInterfaceOrientationPortrait UIInterfaceOrientationPortraitUpsideDown UIInterfaceOrientationLandscapeLeft UIInterfaceOrientationLandscapeRight";
				INFOPLIST_KEY_UISupportedInterfaceOrientations_iPhone = "UIInterfaceOrientationPortrait UIInterfaceOrientationLandscapeLeft UIInterfaceOrientationLandscapeRight";
				LD_RUNPATH_SEARCH_PATHS = (
					"$(inherited)",
					"@executable_path/Frameworks",
				);
				MARKETING_VERSION = 1.0;
				PRODUCT_BUNDLE_IDENTIFIER = co.charliezhao.YaoguaiV3;
				PRODUCT_NAME = "$(TARGET_NAME)";
				SWIFT_EMIT_LOC_STRINGS = YES;
				SWIFT_VERSION = 6.0;
				TARGETED_DEVICE_FAMILY = "1,2";
			};
			name = Debug;
		};
		A11F26802C3AA6CE00FD971E /* Release */ = {
			isa = XCBuildConfiguration;
			buildSettings = {
				ASSETCATALOG_COMPILER_APPICON_NAME = AppIcon;
				ASSETCATALOG_COMPILER_GLOBAL_ACCENT_COLOR_NAME = AccentColor;
				CODE_SIGN_STYLE = Automatic;
				CURRENT_PROJECT_VERSION = 1;
				DEVELOPMENT_ASSET_PATHS = "\"YaoguaiV3/Preview Content\"";
				DEVELOPMENT_TEAM = 9BLARS6DPW;
				ENABLE_PREVIEWS = YES;
				GENERATE_INFOPLIST_FILE = YES;
				INFOPLIST_KEY_UIApplicationSceneManifest_Generation = YES;
				INFOPLIST_KEY_UIApplicationSupportsIndirectInputEvents = YES;
				INFOPLIST_KEY_UILaunchScreen_Generation = YES;
				INFOPLIST_KEY_UISupportedInterfaceOrientations_iPad = "UIInterfaceOrientationPortrait UIInterfaceOrientationPortraitUpsideDown UIInterfaceOrientationLandscapeLeft UIInterfaceOrientationLandscapeRight";
				INFOPLIST_KEY_UISupportedInterfaceOrientations_iPhone = "UIInterfaceOrientationPortrait UIInterfaceOrientationLandscapeLeft UIInterfaceOrientationLandscapeRight";
				LD_RUNPATH_SEARCH_PATHS = (
					"$(inherited)",
					"@executable_path/Frameworks",
				);
				MARKETING_VERSION = 1.0;
				PRODUCT_BUNDLE_IDENTIFIER = co.charliezhao.YaoguaiV3;
				PRODUCT_NAME = "$(TARGET_NAME)";
				SWIFT_EMIT_LOC_STRINGS = YES;
				SWIFT_VERSION = 6.0;
				TARGETED_DEVICE_FAMILY = "1,2";
			};
			name = Release;
		};
		A1802C3F2C76A1F800272B66 /* Debug */ = {
			isa = XCBuildConfiguration;
			buildSettings = {
				BUNDLE_LOADER = "$(TEST_HOST)";
				CODE_SIGN_STYLE = Automatic;
				CURRENT_PROJECT_VERSION = 1;
				DEVELOPMENT_TEAM = 9BLARS6DPW;
				GENERATE_INFOPLIST_FILE = YES;
				IPHONEOS_DEPLOYMENT_TARGET = 17.0;
				MARKETING_VERSION = 1.0;
				PRODUCT_BUNDLE_IDENTIFIER = co.charliezhao.YaoguaiV3Tests;
				PRODUCT_NAME = "$(TARGET_NAME)";
				SWIFT_EMIT_LOC_STRINGS = NO;
				SWIFT_VERSION = 6.0;
				TARGETED_DEVICE_FAMILY = "1,2";
				TEST_HOST = "$(BUILT_PRODUCTS_DIR)/YaoguaiV3.app/$(BUNDLE_EXECUTABLE_FOLDER_PATH)/YaoguaiV3";
			};
			name = Debug;
		};
		A1802C402C76A1F800272B66 /* Release */ = {
			isa = XCBuildConfiguration;
			buildSettings = {
				BUNDLE_LOADER = "$(TEST_HOST)";
				CODE_SIGN_STYLE = Automatic;
				CURRENT_PROJECT_VERSION = 1;
				DEVELOPMENT_TEAM = 9BLARS6DPW;
				GENERATE_INFOPLIST_FILE = YES;
				IPHONEOS_DEPLOYMENT_TARGET = 17.0;
				MARKETING_VERSION = 1.0;
				PRODUCT_BUNDLE_IDENTIFIER = co.charliezhao.YaoguaiV3Tests;
				PRODUCT_NAME = "$(TARGET_NAME)";
				SWIFT_EMIT_LOC_STRINGS = NO;
				SWIFT_VERSION = 6.0;
				TARGETED_DEVICE_FAMILY = "1,2";
				TEST_HOST = "$(BUILT_PRODUCTS_DIR)/YaoguaiV3.app/$(BUNDLE_EXECUTABLE_FOLDER_PATH)/YaoguaiV3";
			};
			name = Release;
		};
/* End XCBuildConfiguration section */

/* Begin XCConfigurationList section */
		A11F26692C3AA6CC00FD971E /* Build configuration list for PBXProject "YaoguaiV3" */ = {
			isa = XCConfigurationList;
			buildConfigurations = (
				A11F267C2C3AA6CE00FD971E /* Debug */,
				A11F267D2C3AA6CE00FD971E /* Release */,
			);
			defaultConfigurationIsVisible = 0;
			defaultConfigurationName = Release;
		};
		A11F267E2C3AA6CE00FD971E /* Build configuration list for PBXNativeTarget "YaoguaiV3" */ = {
			isa = XCConfigurationList;
			buildConfigurations = (
				A11F267F2C3AA6CE00FD971E /* Debug */,
				A11F26802C3AA6CE00FD971E /* Release */,
			);
			defaultConfigurationIsVisible = 0;
			defaultConfigurationName = Release;
		};
		A1802C3E2C76A1F800272B66 /* Build configuration list for PBXNativeTarget "YaoguaiV3Tests" */ = {
			isa = XCConfigurationList;
			buildConfigurations = (
				A1802C3F2C76A1F800272B66 /* Debug */,
				A1802C402C76A1F800272B66 /* Release */,
			);
			defaultConfigurationIsVisible = 0;
			defaultConfigurationName = Release;
		};
/* End XCConfigurationList section */
	};
	rootObject = A11F26662C3AA6CC00FD971E /* Project object */;
}
